github.com/LukasSchaefer/toha/v4 v4.0.0-20260122202419-da912ca2343e h1:3/b0IQ/P+inLiO8LsMZ0rKZTyUzcE1IErz1R0LgDbac=
github.com/LukasSchaefer/toha/v4 v4.0.0-20260122202419-da912ca2343e/go.mod h1:Rmhsp3DTEweqQnx0VNI1dd3j3dp/MVjs3UKw05qKyQY=
github.com/LukasSchaefer/toha/v4 v4.0.0-20260122211529-c459ea1c00ab h1:rWkwYf7X0wyQoEXxnTGoqhBrgy3v5VxBe4Syh2xVcNM=
github.com/LukasSchaefer/toha/v4 v4.0.0-20260122211529-c459ea1c00ab/go.mod h1:Rmhsp3DTEweqQnx0VNI1dd3j3dp/MVjs3UKw05qKyQY=
